
Microsoft Visual Studio Solution File, Format Version 12.00
Project("{FAE04EC0-301F-11D3-BF4B-00C04F79EFBC}") = "WebAppMVC", "WebAppMVC\WebAppMVC.csproj", "{DB170FEF-554F-433A-BECB-76650EB8FDD2}"
EndProject
Global
	GlobalSection(SolutionConfigurationPlatforms) = preSolution
		Debug|Any CPU = Debug|Any CPU
		Release|Any CPU = Release|Any CPU
	EndGlobalSection
	GlobalSection(ProjectConfigurationPlatforms) = postSolution
		{DB170FEF-554F-433A-BECB-76650EB8FDD2}.Debug|Any CPU.ActiveCfg = Debug|Any CPU
		{DB170FEF-554F-433A-BECB-76650EB8FDD2}.Debug|Any CPU.Build.0 = Debug|Any CPU
		{DB170FEF-554F-433A-BECB-76650EB8FDD2}.Release|Any CPU.ActiveCfg = Release|Any CPU
		{DB170FEF-554F-433A-BECB-76650EB8FDD2}.Release|Any CPU.Build.0 = Release|Any CPU
	EndGlobalSection
EndGlobal
